
Microsoft Visual Studio Solution File, Format Version 12.00
# Visual Studio 15
VisualStudioVersion = 15.0.27703.1
MinimumVisualStudioVersion = 10.0.40219.1
Project("{9A19103F-16F7-4668-BE54-9A1E7A4F7556}") = "WordCountApplication", "WordCountApplication\WordCountApplication.csproj", "{334BB4D5-186F-4FC0-B447-873BF5CC0B4B}"
EndProject
Project("{E53339B2-1760-4266-BCC7-CA923CBCF16C}") = "docker-compose", "docker-compose.dcproj", "{4BD5A49C-2E68-4D7A-88F6-8231E00FA0C8}"
EndProject
Project("{9A19103F-16F7-4668-BE54-9A1E7A4F7556}") = "DataModels", "DataModels\DataModels.csproj", "{C759C9D5-7864-48FB-9377-E0839741012E}"
EndProject
Project("{9A19103F-16F7-4668-BE54-9A1E7A4F7556}") = "Utilities", "Utilities\Utilities.csproj", "{5D8213DD-99A4-418C-8D98-7D2A00A94E8A}"
EndProject
Project("{9A19103F-16F7-4668-BE54-9A1E7A4F7556}") = "Services", "Services\Services.csproj", "{4C8C76FB-9BE6-487E-A304-06AD77D93100}"
EndProject
Project("{FAE04EC0-301F-11D3-BF4B-00C04F79EFBC}") = "TestWebsite", "TestWebsite\TestWebsite.csproj", "{B7FE8843-867B-4E97-B843-5F4572AD96EE}"
EndProject
Global
	GlobalSection(SolutionConfigurationPlatforms) = preSolution
		Debug|Any CPU = Debug|Any CPU
		Release|Any CPU = Release|Any CPU
	EndGlobalSection
	GlobalSection(ProjectConfigurationPlatforms) = postSolution
		{334BB4D5-186F-4FC0-B447-873BF5CC0B4B}.Debug|Any CPU.ActiveCfg = Debug|Any CPU
		{334BB4D5-186F-4FC0-B447-873BF5CC0B4B}.Debug|Any CPU.Build.0 = Debug|Any CPU
		{334BB4D5-186F-4FC0-B447-873BF5CC0B4B}.Release|Any CPU.ActiveCfg = Release|Any CPU
		{334BB4D5-186F-4FC0-B447-873BF5CC0B4B}.Release|Any CPU.Build.0 = Release|Any CPU
		{4BD5A49C-2E68-4D7A-88F6-8231E00FA0C8}.Debug|Any CPU.ActiveCfg = Debug|Any CPU
		{4BD5A49C-2E68-4D7A-88F6-8231E00FA0C8}.Debug|Any CPU.Build.0 = Debug|Any CPU
		{4BD5A49C-2E68-4D7A-88F6-8231E00FA0C8}.Release|Any CPU.ActiveCfg = Release|Any CPU
		{4BD5A49C-2E68-4D7A-88F6-8231E00FA0C8}.Release|Any CPU.Build.0 = Release|Any CPU
		{C759C9D5-7864-48FB-9377-E0839741012E}.Debug|Any CPU.ActiveCfg = Debug|Any CPU
		{C759C9D5-7864-48FB-9377-E0839741012E}.Debug|Any CPU.Build.0 = Debug|Any CPU
		{C759C9D5-7864-48FB-9377-E0839741012E}.Release|Any CPU.ActiveCfg = Release|Any CPU
		{C759C9D5-7864-48FB-9377-E0839741012E}.Release|Any CPU.Build.0 = Release|Any CPU
		{5D8213DD-99A4-418C-8D98-7D2A00A94E8A}.Debug|Any CPU.ActiveCfg = Debug|Any CPU
		{5D8213DD-99A4-418C-8D98-7D2A00A94E8A}.Debug|Any CPU.Build.0 = Debug|Any CPU
		{5D8213DD-99A4-418C-8D98-7D2A00A94E8A}.Release|Any CPU.ActiveCfg = Release|Any CPU
		{5D8213DD-99A4-418C-8D98-7D2A00A94E8A}.Release|Any CPU.Build.0 = Release|Any CPU
		{4C8C76FB-9BE6-487E-A304-06AD77D93100}.Debug|Any CPU.ActiveCfg = Debug|Any CPU
		{4C8C76FB-9BE6-487E-A304-06AD77D93100}.Debug|Any CPU.Build.0 = Debug|Any CPU
		{4C8C76FB-9BE6-487E-A304-06AD77D93100}.Release|Any CPU.ActiveCfg = Release|Any CPU
		{4C8C76FB-9BE6-487E-A304-06AD77D93100}.Release|Any CPU.Build.0 = Release|Any CPU
		{B7FE8843-867B-4E97-B843-5F4572AD96EE}.Debug|Any CPU.ActiveCfg = Debug|Any CPU
		{B7FE8843-867B-4E97-B843-5F4572AD96EE}.Debug|Any CPU.Build.0 = Debug|Any CPU
		{B7FE8843-867B-4E97-B843-5F4572AD96EE}.Release|Any CPU.ActiveCfg = Release|Any CPU
		{B7FE8843-867B-4E97-B843-5F4572AD96EE}.Release|Any CPU.Build.0 = Release|Any CPU
	EndGlobalSection
	GlobalSection(SolutionProperties) = preSolution
		HideSolutionNode = FALSE
	EndGlobalSection
	GlobalSection(ExtensibilityGlobals) = postSolution
		SolutionGuid = {BBD352B3-D988-4A96-877D-72564EFA54D9}
	EndGlobalSection
EndGlobal
